
Microsoft Visual Studio Solution File, Format Version 12.00
# Visual Studio Version 16
VisualStudioVersion = 16.0.31019.35
MinimumVisualStudioVersion = 10.0.40219.1
Project("{FAE04EC0-301F-11D3-BF4B-00C04F79EFBC}") = "Corporate_api", "Corporate_api\Corporate_api.csproj", "{54437E5D-26AA-43EB-9064-B10E75FE5FEE}"
EndProject
Global
	GlobalSection(SolutionConfigurationPlatforms) = preSolution
		Debug|Any CPU = Debug|Any CPU
		Release|Any CPU = Release|Any CPU
	EndGlobalSection
	GlobalSection(ProjectConfigurationPlatforms) = postSolution
		{54437E5D-26AA-43EB-9064-B10E75FE5FEE}.Debug|Any CPU.ActiveCfg = Debug|Any CPU
		{54437E5D-26AA-43EB-9064-B10E75FE5FEE}.Debug|Any CPU.Build.0 = Debug|Any CPU
		{54437E5D-26AA-43EB-9064-B10E75FE5FEE}.Release|Any CPU.ActiveCfg = Release|Any CPU
		{54437E5D-26AA-43EB-9064-B10E75FE5FEE}.Release|Any CPU.Build.0 = Release|Any CPU
	EndGlobalSection
	GlobalSection(SolutionProperties) = preSolution
		HideSolutionNode = FALSE
	EndGlobalSection
	GlobalSection(ExtensibilityGlobals) = postSolution
		SolutionGuid = {78ACD9E3-EB68-4E31-8756-10C47C865454}
	EndGlobalSection
EndGlobal
